
Microsoft Visual Studio Solution File, Format Version 12.00
# Visual Studio 15
VisualStudioVersion = 15.0.28307.489
MinimumVisualStudioVersion = 10.0.40219.1
Project("{8BC9CEB8-8B4A-11D0-8D11-00A0C91BC942}") = "La barrera de los primos", "La barrera de los primos\La barrera de los primos.vcxproj", "{BAD7D7F0-B5FA-4E3C-AD82-5427D1B061E0}"
EndProject
Global
	GlobalSection(SolutionConfigurationPlatforms) = preSolution
		Debug|x64 = Debug|x64
		Debug|x86 = Debug|x86
		Release|x64 = Release|x64
		Release|x86 = Release|x86
	EndGlobalSection
	GlobalSection(ProjectConfigurationPlatforms) = postSolution
		{BAD7D7F0-B5FA-4E3C-AD82-5427D1B061E0}.Debug|x64.ActiveCfg = Debug|x64
		{BAD7D7F0-B5FA-4E3C-AD82-5427D1B061E0}.Debug|x64.Build.0 = Debug|x64
		{BAD7D7F0-B5FA-4E3C-AD82-5427D1B061E0}.Debug|x86.ActiveCfg = Debug|Win32
		{BAD7D7F0-B5FA-4E3C-AD82-5427D1B061E0}.Debug|x86.Build.0 = Debug|Win32
		{BAD7D7F0-B5FA-4E3C-AD82-5427D1B061E0}.Release|x64.ActiveCfg = Release|x64
		{BAD7D7F0-B5FA-4E3C-AD82-5427D1B061E0}.Release|x64.Build.0 = Release|x64
		{BAD7D7F0-B5FA-4E3C-AD82-5427D1B061E0}.Release|x86.ActiveCfg = Release|Win32
		{BAD7D7F0-B5FA-4E3C-AD82-5427D1B061E0}.Release|x86.Build.0 = Release|Win32
	EndGlobalSection
	GlobalSection(SolutionProperties) = preSolution
		HideSolutionNode = FALSE
	EndGlobalSection
	GlobalSection(ExtensibilityGlobals) = postSolution
		SolutionGuid = {2B9BA413-D268-4AB0-A72F-AD7301B18896}
	EndGlobalSection
EndGlobal
