
Microsoft Visual Studio Solution File, Format Version 12.00
# Visual Studio 15
VisualStudioVersion = 15.0.28307.489
MinimumVisualStudioVersion = 10.0.40219.1
Project("{8BC9CEB8-8B4A-11D0-8D11-00A0C91BC942}") = "Ranking de concurso de programacion eda 3", "Ranking de concurso de programacion eda 3\Ranking de concurso de programacion eda 3.vcxproj", "{14D67B9D-E552-4E02-A701-5E4A2465E113}"
EndProject
Global
	GlobalSection(SolutionConfigurationPlatforms) = preSolution
		Debug|x64 = Debug|x64
		Debug|x86 = Debug|x86
		Release|x64 = Release|x64
		Release|x86 = Release|x86
	EndGlobalSection
	GlobalSection(ProjectConfigurationPlatforms) = postSolution
		{14D67B9D-E552-4E02-A701-5E4A2465E113}.Debug|x64.ActiveCfg = Debug|x64
		{14D67B9D-E552-4E02-A701-5E4A2465E113}.Debug|x64.Build.0 = Debug|x64
		{14D67B9D-E552-4E02-A701-5E4A2465E113}.Debug|x86.ActiveCfg = Debug|Win32
		{14D67B9D-E552-4E02-A701-5E4A2465E113}.Debug|x86.Build.0 = Debug|Win32
		{14D67B9D-E552-4E02-A701-5E4A2465E113}.Release|x64.ActiveCfg = Release|x64
		{14D67B9D-E552-4E02-A701-5E4A2465E113}.Release|x64.Build.0 = Release|x64
		{14D67B9D-E552-4E02-A701-5E4A2465E113}.Release|x86.ActiveCfg = Release|Win32
		{14D67B9D-E552-4E02-A701-5E4A2465E113}.Release|x86.Build.0 = Release|Win32
	EndGlobalSection
	GlobalSection(SolutionProperties) = preSolution
		HideSolutionNode = FALSE
	EndGlobalSection
	GlobalSection(ExtensibilityGlobals) = postSolution
		SolutionGuid = {D0ED88B9-43DD-402F-8B38-76A7EC8EC8B2}
	EndGlobalSection
EndGlobal
