
Microsoft Visual Studio Solution File, Format Version 12.00
# Visual Studio 15
VisualStudioVersion = 15.0.28307.489
MinimumVisualStudioVersion = 10.0.40219.1
Project("{8BC9CEB8-8B4A-11D0-8D11-00A0C91BC942}") = "Venta de libros 2", "Venta de libros 2\Venta de libros 2.vcxproj", "{B3023C8F-96AE-4A81-831C-E4C4E704EBE7}"
EndProject
Global
	GlobalSection(SolutionConfigurationPlatforms) = preSolution
		Debug|x64 = Debug|x64
		Debug|x86 = Debug|x86
		Release|x64 = Release|x64
		Release|x86 = Release|x86
	EndGlobalSection
	GlobalSection(ProjectConfigurationPlatforms) = postSolution
		{B3023C8F-96AE-4A81-831C-E4C4E704EBE7}.Debug|x64.ActiveCfg = Debug|x64
		{B3023C8F-96AE-4A81-831C-E4C4E704EBE7}.Debug|x64.Build.0 = Debug|x64
		{B3023C8F-96AE-4A81-831C-E4C4E704EBE7}.Debug|x86.ActiveCfg = Debug|Win32
		{B3023C8F-96AE-4A81-831C-E4C4E704EBE7}.Debug|x86.Build.0 = Debug|Win32
		{B3023C8F-96AE-4A81-831C-E4C4E704EBE7}.Release|x64.ActiveCfg = Release|x64
		{B3023C8F-96AE-4A81-831C-E4C4E704EBE7}.Release|x64.Build.0 = Release|x64
		{B3023C8F-96AE-4A81-831C-E4C4E704EBE7}.Release|x86.ActiveCfg = Release|Win32
		{B3023C8F-96AE-4A81-831C-E4C4E704EBE7}.Release|x86.Build.0 = Release|Win32
	EndGlobalSection
	GlobalSection(SolutionProperties) = preSolution
		HideSolutionNode = FALSE
	EndGlobalSection
	GlobalSection(ExtensibilityGlobals) = postSolution
		SolutionGuid = {5C99BB9B-89D5-4812-B452-43972A1FC936}
	EndGlobalSection
EndGlobal
